
Microsoft Visual Studio Solution File, Format Version 12.00
# Visual Studio 15
VisualStudioVersion = 15.0.27130.2036
MinimumVisualStudioVersion = 10.0.40219.1
Project("{9A19103F-16F7-4668-BE54-9A1E7A4F7556}") = "TrainsCSharp.Domain", "TrainsCSharp.Domain\TrainsCSharp.Domain.csproj", "{58897796-1159-4AEC-947D-59299776B10F}"
EndProject
Project("{9A19103F-16F7-4668-BE54-9A1E7A4F7556}") = "TrainsCSharp.Test", "TrainsCSharp.Test\TrainsCSharp.Test.csproj", "{075FBE68-B8F2-4B58-AA43-9D41B430535C}"
EndProject
Project("{9A19103F-16F7-4668-BE54-9A1E7A4F7556}") = "TrainsCSharp.Repository", "TrainsCSharp.Repository\TrainsCSharp.Repository.csproj", "{4AD3A0DE-0583-4726-A3B0-39430CAB0809}"
EndProject
Project("{9A19103F-16F7-4668-BE54-9A1E7A4F7556}") = "TrainsCSharp.ConsoleApp", "TrainsCSharp.ConsoleApp\TrainsCSharp.ConsoleApp.csproj", "{72B231AC-622B-42BD-BEE0-ADD8C1893D3A}"
EndProject
Project("{9A19103F-16F7-4668-BE54-9A1E7A4F7556}") = "TrainsCSharp.Core", "TrainsCSharp.Core\TrainsCSharp.Core.csproj", "{F156226B-3C62-493F-B608-DB00272674F2}"
EndProject
Global
	GlobalSection(SolutionConfigurationPlatforms) = preSolution
		Debug|Any CPU = Debug|Any CPU
		Release|Any CPU = Release|Any CPU
	EndGlobalSection
	GlobalSection(ProjectConfigurationPlatforms) = postSolution
		{58897796-1159-4AEC-947D-59299776B10F}.Debug|Any CPU.ActiveCfg = Debug|Any CPU
		{58897796-1159-4AEC-947D-59299776B10F}.Debug|Any CPU.Build.0 = Debug|Any CPU
		{58897796-1159-4AEC-947D-59299776B10F}.Release|Any CPU.ActiveCfg = Release|Any CPU
		{58897796-1159-4AEC-947D-59299776B10F}.Release|Any CPU.Build.0 = Release|Any CPU
		{075FBE68-B8F2-4B58-AA43-9D41B430535C}.Debug|Any CPU.ActiveCfg = Debug|Any CPU
		{075FBE68-B8F2-4B58-AA43-9D41B430535C}.Debug|Any CPU.Build.0 = Debug|Any CPU
		{075FBE68-B8F2-4B58-AA43-9D41B430535C}.Release|Any CPU.ActiveCfg = Release|Any CPU
		{075FBE68-B8F2-4B58-AA43-9D41B430535C}.Release|Any CPU.Build.0 = Release|Any CPU
		{4AD3A0DE-0583-4726-A3B0-39430CAB0809}.Debug|Any CPU.ActiveCfg = Debug|Any CPU
		{4AD3A0DE-0583-4726-A3B0-39430CAB0809}.Debug|Any CPU.Build.0 = Debug|Any CPU
		{4AD3A0DE-0583-4726-A3B0-39430CAB0809}.Release|Any CPU.ActiveCfg = Release|Any CPU
		{4AD3A0DE-0583-4726-A3B0-39430CAB0809}.Release|Any CPU.Build.0 = Release|Any CPU
		{72B231AC-622B-42BD-BEE0-ADD8C1893D3A}.Debug|Any CPU.ActiveCfg = Debug|Any CPU
		{72B231AC-622B-42BD-BEE0-ADD8C1893D3A}.Debug|Any CPU.Build.0 = Debug|Any CPU
		{72B231AC-622B-42BD-BEE0-ADD8C1893D3A}.Release|Any CPU.ActiveCfg = Release|Any CPU
		{72B231AC-622B-42BD-BEE0-ADD8C1893D3A}.Release|Any CPU.Build.0 = Release|Any CPU
		{F156226B-3C62-493F-B608-DB00272674F2}.Debug|Any CPU.ActiveCfg = Debug|Any CPU
		{F156226B-3C62-493F-B608-DB00272674F2}.Debug|Any CPU.Build.0 = Debug|Any CPU
		{F156226B-3C62-493F-B608-DB00272674F2}.Release|Any CPU.ActiveCfg = Release|Any CPU
		{F156226B-3C62-493F-B608-DB00272674F2}.Release|Any CPU.Build.0 = Release|Any CPU
	EndGlobalSection
	GlobalSection(SolutionProperties) = preSolution
		HideSolutionNode = FALSE
	EndGlobalSection
	GlobalSection(ExtensibilityGlobals) = postSolution
		SolutionGuid = {5172838D-0795-437D-BD70-F4BC3B0CD881}
	EndGlobalSection
EndGlobal
